
Microsoft Visual Studio Solution File, Format Version 12.00
# Visual Studio 15
VisualStudioVersion = 15.0.27703.2047
MinimumVisualStudioVersion = 10.0.40219.1
Project("{FAE04EC0-301F-11D3-BF4B-00C04F79EFBC}") = "PhotoAlbumUnitTestProject", "PhotoAlbumUnitTestProject\PhotoAlbumUnitTestProject.csproj", "{EAA31AC2-2953-4FDE-A437-EA03924C84E3}"
EndProject
Project("{FAE04EC0-301F-11D3-BF4B-00C04F79EFBC}") = "PhotoAlbumProject", "PhotoAlbumProject\PhotoAlbumProject.csproj", "{54149278-0FA3-4BF3-88FA-953B83ACB50C}"
EndProject
Project("{FAE04EC0-301F-11D3-BF4B-00C04F79EFBC}") = "PhotoAlbumComponent", "PhotoAlbumComponent\PhotoAlbumComponent.csproj", "{8BAF68BB-5D2F-4CE5-9FBD-2DB13E917AFC}"
EndProject
Global
	GlobalSection(SolutionConfigurationPlatforms) = preSolution
		Debug|Any CPU = Debug|Any CPU
		Release|Any CPU = Release|Any CPU
	EndGlobalSection
	GlobalSection(ProjectConfigurationPlatforms) = postSolution
		{EAA31AC2-2953-4FDE-A437-EA03924C84E3}.Debug|Any CPU.ActiveCfg = Debug|Any CPU
		{EAA31AC2-2953-4FDE-A437-EA03924C84E3}.Debug|Any CPU.Build.0 = Debug|Any CPU
		{EAA31AC2-2953-4FDE-A437-EA03924C84E3}.Release|Any CPU.ActiveCfg = Release|Any CPU
		{EAA31AC2-2953-4FDE-A437-EA03924C84E3}.Release|Any CPU.Build.0 = Release|Any CPU
		{54149278-0FA3-4BF3-88FA-953B83ACB50C}.Debug|Any CPU.ActiveCfg = Debug|Any CPU
		{54149278-0FA3-4BF3-88FA-953B83ACB50C}.Debug|Any CPU.Build.0 = Debug|Any CPU
		{54149278-0FA3-4BF3-88FA-953B83ACB50C}.Release|Any CPU.ActiveCfg = Release|Any CPU
		{54149278-0FA3-4BF3-88FA-953B83ACB50C}.Release|Any CPU.Build.0 = Release|Any CPU
		{8BAF68BB-5D2F-4CE5-9FBD-2DB13E917AFC}.Debug|Any CPU.ActiveCfg = Debug|Any CPU
		{8BAF68BB-5D2F-4CE5-9FBD-2DB13E917AFC}.Debug|Any CPU.Build.0 = Debug|Any CPU
		{8BAF68BB-5D2F-4CE5-9FBD-2DB13E917AFC}.Release|Any CPU.ActiveCfg = Release|Any CPU
		{8BAF68BB-5D2F-4CE5-9FBD-2DB13E917AFC}.Release|Any CPU.Build.0 = Release|Any CPU
	EndGlobalSection
	GlobalSection(SolutionProperties) = preSolution
		HideSolutionNode = FALSE
	EndGlobalSection
	GlobalSection(ExtensibilityGlobals) = postSolution
		SolutionGuid = {1659F5EF-CBD5-44E0-BBFF-87CD4A2B592A}
	EndGlobalSection
EndGlobal
